// !$*UTF8*$!
{
	archiveVersion = 1;
	classes = {
	};
	objectVersion = 50;
	objects = {

/* Begin PBXBuildFile section */
		AE97770422C2195F003C943B /* AppDelegate.swift in Sources */ = {isa = PBXBuildFile; fileRef = AE97770322C2195F003C943B /* AppDelegate.swift */; };
		AE97770622C2195F003C943B /* SceneDelegate.swift in Sources */ = {isa = PBXBuildFile; fileRef = AE97770522C2195F003C943B /* SceneDelegate.swift */; };
		AE97770A22C2195F003C943B /* Assets.xcassets in Resources */ = {isa = PBXBuildFile; fileRef = AE97770922C2195F003C943B /* Assets.xcassets */; };
		AE97772822C22342003C943B /* LaunchScreen.storyboard in Resources */ = {isa = PBXBuildFile; fileRef = AE97770E22C2195F003C943B /* LaunchScreen.storyboard */; };
		AE9FC12822D33D660095633E /* View.framework in Frameworks */ = {isa = PBXBuildFile; fileRef = AE9FC11522D3396F0095633E /* View.framework */; };
		AE9FC12922D33D660095633E /* View.framework in Embed Frameworks */ = {isa = PBXBuildFile; fileRef = AE9FC11522D3396F0095633E /* View.framework */; settings = {ATTRIBUTES = (CodeSignOnCopy, RemoveHeadersOnCopy, ); }; };
		AE9FC22A22D343F70095633E /* Networking.framework in Frameworks */ = {isa = PBXBuildFile; fileRef = AE9FC22022D343E50095633E /* Networking.framework */; };
		AE9FC22B22D343F70095633E /* Networking.framework in Embed Frameworks */ = {isa = PBXBuildFile; fileRef = AE9FC22022D343E50095633E /* Networking.framework */; settings = {ATTRIBUTES = (CodeSignOnCopy, RemoveHeadersOnCopy, ); }; };
		AE9FC22C22D343FE0095633E /* ViewModel.framework in Frameworks */ = {isa = PBXBuildFile; fileRef = AE9FC22722D343F20095633E /* ViewModel.framework */; };
		AE9FC22D22D343FE0095633E /* ViewModel.framework in Embed Frameworks */ = {isa = PBXBuildFile; fileRef = AE9FC22722D343F20095633E /* ViewModel.framework */; settings = {ATTRIBUTES = (CodeSignOnCopy, RemoveHeadersOnCopy, ); }; };
		AEE0C4D722CE1CA200630A54 /* Coordinator.swift in Sources */ = {isa = PBXBuildFile; fileRef = AEE0C4D622CE1CA200630A54 /* Coordinator.swift */; };
/* End PBXBuildFile section */

/* Begin PBXContainerItemProxy section */
		AE9FC11422D3396F0095633E /* PBXContainerItemProxy */ = {
			isa = PBXContainerItemProxy;
			containerPortal = AE9FC11022D3396F0095633E /* View.xcodeproj */;
			proxyType = 2;
			remoteGlobalIDString = AE9FC0D322D338060095633E;
			remoteInfo = View;
		};
		AE9FC21F22D343E50095633E /* PBXContainerItemProxy */ = {
			isa = PBXContainerItemProxy;
			containerPortal = AE9FC21B22D343E50095633E /* Networking.xcodeproj */;
			proxyType = 2;
			remoteGlobalIDString = AE9FC1FC22D342ED0095633E;
			remoteInfo = Networking;
		};
		AE9FC22622D343F20095633E /* PBXContainerItemProxy */ = {
			isa = PBXContainerItemProxy;
			containerPortal = AE9FC22122D343F20095633E /* ViewModel.xcodeproj */;
			proxyType = 2;
			remoteGlobalIDString = AE9FC14422D340F60095633E;
			remoteInfo = ViewModel;
		};
		AE9FC22822D343F20095633E /* PBXContainerItemProxy */ = {
			isa = PBXContainerItemProxy;
			containerPortal = AE9FC22122D343F20095633E /* ViewModel.xcodeproj */;
			proxyType = 2;
			remoteGlobalIDString = AE9FC14D22D340F60095633E;
			remoteInfo = ViewModelTests;
		};
/* End PBXContainerItemProxy section */

/* Begin PBXCopyFilesBuildPhase section */
		AE97771A22C21979003C943B /* Embed Frameworks */ = {
			isa = PBXCopyFilesBuildPhase;
			buildActionMask = 2147483647;
			dstPath = "";
			dstSubfolderSpec = 10;
			files = (
				AE9FC22B22D343F70095633E /* Networking.framework in Embed Frameworks */,
				AE9FC12922D33D660095633E /* View.framework in Embed Frameworks */,
				AE9FC22D22D343FE0095633E /* ViewModel.framework in Embed Frameworks */,
			);
			name = "Embed Frameworks";
			runOnlyForDeploymentPostprocessing = 0;
		};
/* End PBXCopyFilesBuildPhase section */

/* Begin PBXFileReference section */
		AE506F4222E2111000626D0C /* Info.plist */ = {isa = PBXFileReference; fileEncoding = 4; lastKnownFileType = text.plist.xml; path = Info.plist; sourceTree = "<group>"; };
		AE97770122C2195F003C943B /* Babylon.app */ = {isa = PBXFileReference; explicitFileType = wrapper.application; includeInIndex = 0; path = Babylon.app; sourceTree = BUILT_PRODUCTS_DIR; };
		AE97770322C2195F003C943B /* AppDelegate.swift */ = {isa = PBXFileReference; lastKnownFileType = sourcecode.swift; path = AppDelegate.swift; sourceTree = "<group>"; };
		AE97770522C2195F003C943B /* SceneDelegate.swift */ = {isa = PBXFileReference; lastKnownFileType = sourcecode.swift; path = SceneDelegate.swift; sourceTree = "<group>"; };
		AE97770922C2195F003C943B /* Assets.xcassets */ = {isa = PBXFileReference; lastKnownFileType = folder.assetcatalog; path = Assets.xcassets; sourceTree = "<group>"; };
		AE97770F22C2195F003C943B /* Base */ = {isa = PBXFileReference; lastKnownFileType = file.storyboard; name = Base; path = Base.lproj/LaunchScreen.storyboard; sourceTree = "<group>"; };
		AE9FC11022D3396F0095633E /* View.xcodeproj */ = {isa = PBXFileReference; lastKnownFileType = "wrapper.pb-project"; name = View.xcodeproj; path = View/View.xcodeproj; sourceTree = "<group>"; };
		AE9FC21B22D343E50095633E /* Networking.xcodeproj */ = {isa = PBXFileReference; lastKnownFileType = "wrapper.pb-project"; name = Networking.xcodeproj; path = Networking/Networking.xcodeproj; sourceTree = "<group>"; };
		AE9FC22122D343F20095633E /* ViewModel.xcodeproj */ = {isa = PBXFileReference; lastKnownFileType = "wrapper.pb-project"; name = ViewModel.xcodeproj; path = ViewModel/ViewModel.xcodeproj; sourceTree = "<group>"; };
		AEE0C4D622CE1CA200630A54 /* Coordinator.swift */ = {isa = PBXFileReference; lastKnownFileType = sourcecode.swift; path = Coordinator.swift; sourceTree = "<group>"; };
/* End PBXFileReference section */

/* Begin PBXFrameworksBuildPhase section */
		AE9776FE22C2195F003C943B /* Frameworks */ = {
			isa = PBXFrameworksBuildPhase;
			buildActionMask = 2147483647;
			files = (
				AE9FC22A22D343F70095633E /* Networking.framework in Frameworks */,
				AE9FC12822D33D660095633E /* View.framework in Frameworks */,
				AE9FC22C22D343FE0095633E /* ViewModel.framework in Frameworks */,
			);
			runOnlyForDeploymentPostprocessing = 0;
		};
/* End PBXFrameworksBuildPhase section */

/* Begin PBXGroup section */
		AE41ECD022C0DE0F00ADD251 = {
			isa = PBXGroup;
			children = (
				AE97770222C2195F003C943B /* Babylon */,
				AE97771522C21978003C943B /* Frameworks */,
				AE41ECDB22C0DE0F00ADD251 /* Products */,
			);
			sourceTree = "<group>";
		};
		AE41ECDB22C0DE0F00ADD251 /* Products */ = {
			isa = PBXGroup;
			children = (
				AE97770122C2195F003C943B /* Babylon.app */,
			);
			name = Products;
			sourceTree = "<group>";
		};
		AE97770222C2195F003C943B /* Babylon */ = {
			isa = PBXGroup;
			children = (
				AE97771F22C22197003C943B /* App */,
				AE97771E22C2218C003C943B /* Resources */,
				AE97771D22C22180003C943B /* Supporting */,
			);
			path = Babylon;
			sourceTree = "<group>";
		};
		AE97771522C21978003C943B /* Frameworks */ = {
			isa = PBXGroup;
			children = (
				AE9FC22122D343F20095633E /* ViewModel.xcodeproj */,
				AE9FC21B22D343E50095633E /* Networking.xcodeproj */,
				AE9FC11022D3396F0095633E /* View.xcodeproj */,
			);
			name = Frameworks;
			sourceTree = "<group>";
		};
		AE97771D22C22180003C943B /* Supporting */ = {
			isa = PBXGroup;
			children = (
				AE506F4222E2111000626D0C /* Info.plist */,
			);
			path = Supporting;
			sourceTree = "<group>";
		};
		AE97771E22C2218C003C943B /* Resources */ = {
			isa = PBXGroup;
			children = (
				AE97770922C2195F003C943B /* Assets.xcassets */,
				AE97770E22C2195F003C943B /* LaunchScreen.storyboard */,
			);
			path = Resources;
			sourceTree = "<group>";
		};
		AE97771F22C22197003C943B /* App */ = {
			isa = PBXGroup;
			children = (
				AE97770322C2195F003C943B /* AppDelegate.swift */,
				AEE0C4D622CE1CA200630A54 /* Coordinator.swift */,
				AE97770522C2195F003C943B /* SceneDelegate.swift */,
			);
			path = App;
			sourceTree = "<group>";
		};
		AE9FC11122D3396F0095633E /* Products */ = {
			isa = PBXGroup;
			children = (
				AE9FC11522D3396F0095633E /* View.framework */,
			);
			name = Products;
			sourceTree = "<group>";
		};
		AE9FC21C22D343E50095633E /* Products */ = {
			isa = PBXGroup;
			children = (
				AE9FC22022D343E50095633E /* Networking.framework */,
			);
			name = Products;
			sourceTree = "<group>";
		};
		AE9FC22222D343F20095633E /* Products */ = {
			isa = PBXGroup;
			children = (
				AE9FC22722D343F20095633E /* ViewModel.framework */,
				AE9FC22922D343F20095633E /* ViewModelTests.xctest */,
			);
			name = Products;
			sourceTree = "<group>";
		};
/* End PBXGroup section */

/* Begin PBXNativeTarget section */
		AE97770022C2195F003C943B /* Babylon */ = {
			isa = PBXNativeTarget;
			buildConfigurationList = AE97771222C2195F003C943B /* Build configuration list for PBXNativeTarget "Babylon" */;
			buildPhases = (
				AE9776FD22C2195F003C943B /* Sources */,
				AE9776FE22C2195F003C943B /* Frameworks */,
				AE9776FF22C2195F003C943B /* Resources */,
				AE97771A22C21979003C943B /* Embed Frameworks */,
			);
			buildRules = (
			);
			dependencies = (
			);
			name = Babylon;
			productName = Babylon;
			productReference = AE97770122C2195F003C943B /* Babylon.app */;
			productType = "com.apple.product-type.application";
		};
/* End PBXNativeTarget section */

/* Begin PBXProject section */
		AE41ECD122C0DE0F00ADD251 /* Project object */ = {
			isa = PBXProject;
			attributes = {
				LastSwiftUpdateCheck = 1100;
				LastUpgradeCheck = 1100;
				ORGANIZATIONNAME = mczarnik.com;
				TargetAttributes = {
					AE97770022C2195F003C943B = {
						CreatedOnToolsVersion = 11.0;
					};
				};
			};
			buildConfigurationList = AE41ECD422C0DE0F00ADD251 /* Build configuration list for PBXProject "Babylon" */;
			compatibilityVersion = "Xcode 9.3";
			developmentRegion = en;
			hasScannedForEncodings = 0;
			knownRegions = (
				en,
				Base,
				es,
			);
			mainGroup = AE41ECD022C0DE0F00ADD251;
			productRefGroup = AE41ECDB22C0DE0F00ADD251 /* Products */;
			projectDirPath = "";
			projectReferences = (
				{
					ProductGroup = AE9FC21C22D343E50095633E /* Products */;
					ProjectRef = AE9FC21B22D343E50095633E /* Networking.xcodeproj */;
				},
				{
					ProductGroup = AE9FC11122D3396F0095633E /* Products */;
					ProjectRef = AE9FC11022D3396F0095633E /* View.xcodeproj */;
				},
				{
					ProductGroup = AE9FC22222D343F20095633E /* Products */;
					ProjectRef = AE9FC22122D343F20095633E /* ViewModel.xcodeproj */;
				},
			);
			projectRoot = "";
			targets = (
				AE97770022C2195F003C943B /* Babylon */,
			);
		};
/* End PBXProject section */

/* Begin PBXReferenceProxy section */
		AE9FC11522D3396F0095633E /* View.framework */ = {
			isa = PBXReferenceProxy;
			fileType = wrapper.framework;
			path = View.framework;
			remoteRef = AE9FC11422D3396F0095633E /* PBXContainerItemProxy */;
			sourceTree = BUILT_PRODUCTS_DIR;
		};
		AE9FC22022D343E50095633E /* Networking.framework */ = {
			isa = PBXReferenceProxy;
			fileType = wrapper.framework;
			path = Networking.framework;
			remoteRef = AE9FC21F22D343E50095633E /* PBXContainerItemProxy */;
			sourceTree = BUILT_PRODUCTS_DIR;
		};
		AE9FC22722D343F20095633E /* ViewModel.framework */ = {
			isa = PBXReferenceProxy;
			fileType = wrapper.framework;
			path = ViewModel.framework;
			remoteRef = AE9FC22622D343F20095633E /* PBXContainerItemProxy */;
			sourceTree = BUILT_PRODUCTS_DIR;
		};
		AE9FC22922D343F20095633E /* ViewModelTests.xctest */ = {
			isa = PBXReferenceProxy;
			fileType = wrapper.cfbundle;
			path = ViewModelTests.xctest;
			remoteRef = AE9FC22822D343F20095633E /* PBXContainerItemProxy */;
			sourceTree = BUILT_PRODUCTS_DIR;
		};
/* End PBXReferenceProxy section */

/* Begin PBXResourcesBuildPhase section */
		AE9776FF22C2195F003C943B /* Resources */ = {
			isa = PBXResourcesBuildPhase;
			buildActionMask = 2147483647;
			files = (
				AE97770A22C2195F003C943B /* Assets.xcassets in Resources */,
				AE97772822C22342003C943B /* LaunchScreen.storyboard in Resources */,
			);
			runOnlyForDeploymentPostprocessing = 0;
		};
/* End PBXResourcesBuildPhase section */

/* Begin PBXSourcesBuildPhase section */
		AE9776FD22C2195F003C943B /* Sources */ = {
			isa = PBXSourcesBuildPhase;
			buildActionMask = 2147483647;
			files = (
				AE97770422C2195F003C943B /* AppDelegate.swift in Sources */,
				AE97770622C2195F003C943B /* SceneDelegate.swift in Sources */,
				AEE0C4D722CE1CA200630A54 /* Coordinator.swift in Sources */,
			);
			runOnlyForDeploymentPostprocessing = 0;
		};
/* End PBXSourcesBuildPhase section */

/* Begin PBXVariantGroup section */
		AE97770E22C2195F003C943B /* LaunchScreen.storyboard */ = {
			isa = PBXVariantGroup;
			children = (
				AE97770F22C2195F003C943B /* Base */,
			);
			name = LaunchScreen.storyboard;
			sourceTree = "<group>";
		};
/* End PBXVariantGroup section */

/* Begin XCBuildConfiguration section */
		AE41ECE022C0DE0F00ADD251 /* Debug */ = {
			isa = XCBuildConfiguration;
			buildSettings = {
				ALWAYS_SEARCH_USER_PATHS = NO;
				CLANG_ANALYZER_LOCALIZABILITY_NONLOCALIZED = YES;
				CLANG_ANALYZER_NONNULL = YES;
				CLANG_ANALYZER_NUMBER_OBJECT_CONVERSION = YES_AGGRESSIVE;
				CLANG_CXX_LANGUAGE_STANDARD = "gnu++14";
				CLANG_CXX_LIBRARY = "libc++";
				CLANG_ENABLE_MODULES = YES;
				CLANG_ENABLE_OBJC_ARC = YES;
				CLANG_ENABLE_OBJC_WEAK = YES;
				CLANG_WARN_BLOCK_CAPTURE_AUTORELEASING = YES;
				CLANG_WARN_BOOL_CONVERSION = YES;
				CLANG_WARN_COMMA = YES;
				CLANG_WARN_CONSTANT_CONVERSION = YES;
				CLANG_WARN_DEPRECATED_OBJC_IMPLEMENTATIONS = YES;
				CLANG_WARN_DIRECT_OBJC_ISA_USAGE = YES_ERROR;
				CLANG_WARN_DOCUMENTATION_COMMENTS = YES;
				CLANG_WARN_EMPTY_BODY = YES;
				CLANG_WARN_ENUM_CONVERSION = YES;
				CLANG_WARN_INFINITE_RECURSION = YES;
				CLANG_WARN_INT_CONVERSION = YES;
				CLANG_WARN_NON_LITERAL_NULL_CONVERSION = YES;
				CLANG_WARN_OBJC_IMPLICIT_RETAIN_SELF = YES;
				CLANG_WARN_OBJC_LITERAL_CONVERSION = YES;
				CLANG_WARN_OBJC_ROOT_CLASS = YES_ERROR;
				CLANG_WARN_RANGE_LOOP_ANALYSIS = YES;
				CLANG_WARN_STRICT_PROTOTYPES = YES;
				CLANG_WARN_SUSPICIOUS_MOVE = YES;
				CLANG_WARN_UNGUARDED_AVAILABILITY = YES_AGGRESSIVE;
				CLANG_WARN_UNREACHABLE_CODE = YES;
				CLANG_WARN__DUPLICATE_METHOD_MATCH = YES;
				COPY_PHASE_STRIP = NO;
				CURRENT_PROJECT_VERSION = 1;
				DEBUG_INFORMATION_FORMAT = dwarf;
				ENABLE_STRICT_OBJC_MSGSEND = YES;
				ENABLE_TESTABILITY = YES;
				GCC_C_LANGUAGE_STANDARD = gnu11;
				GCC_DYNAMIC_NO_PIC = NO;
				GCC_NO_COMMON_BLOCKS = YES;
				GCC_OPTIMIZATION_LEVEL = 0;
				GCC_PREPROCESSOR_DEFINITIONS = (
					"DEBUG=1",
					"$(inherited)",
				);
				GCC_WARN_64_TO_32_BIT_CONVERSION = YES;
				GCC_WARN_ABOUT_RETURN_TYPE = YES_ERROR;
				GCC_WARN_UNDECLARED_SELECTOR = YES;
				GCC_WARN_UNINITIALIZED_AUTOS = YES_AGGRESSIVE;
				GCC_WARN_UNUSED_FUNCTION = YES;
				GCC_WARN_UNUSED_VARIABLE = YES;
				IPHONEOS_DEPLOYMENT_TARGET = 13.0;
				MTL_ENABLE_DEBUG_INFO = INCLUDE_SOURCE;
				MTL_FAST_MATH = YES;
				ONLY_ACTIVE_ARCH = YES;
				SDKROOT = iphoneos;
				SWIFT_ACTIVE_COMPILATION_CONDITIONS = DEBUG;
				SWIFT_OPTIMIZATION_LEVEL = "-Onone";
				VERSIONING_SYSTEM = "apple-generic";
				VERSION_INFO_PREFIX = "";
			};
			name = Debug;
		};
		AE41ECE122C0DE0F00ADD251 /* Release */ = {
			isa = XCBuildConfiguration;
			buildSettings = {
				ALWAYS_SEARCH_USER_PATHS = NO;
				CLANG_ANALYZER_LOCALIZABILITY_NONLOCALIZED = YES;
				CLANG_ANALYZER_NONNULL = YES;
				CLANG_ANALYZER_NUMBER_OBJECT_CONVERSION = YES_AGGRESSIVE;
				CLANG_CXX_LANGUAGE_STANDARD = "gnu++14";
				CLANG_CXX_LIBRARY = "libc++";
				CLANG_ENABLE_MODULES = YES;
				CLANG_ENABLE_OBJC_ARC = YES;
				CLANG_ENABLE_OBJC_WEAK = YES;
				CLANG_WARN_BLOCK_CAPTURE_AUTORELEASING = YES;
				CLANG_WARN_BOOL_CONVERSION = YES;
				CLANG_WARN_COMMA = YES;
				CLANG_WARN_CONSTANT_CONVERSION = YES;
				CLANG_WARN_DEPRECATED_OBJC_IMPLEMENTATIONS = YES;
				CLANG_WARN_DIRECT_OBJC_ISA_USAGE = YES_ERROR;
				CLANG_WARN_DOCUMENTATION_COMMENTS = YES;
				CLANG_WARN_EMPTY_BODY = YES;
				CLANG_WARN_ENUM_CONVERSION = YES;
				CLANG_WARN_INFINITE_RECURSION = YES;
				CLANG_WARN_INT_CONVERSION = YES;
				CLANG_WARN_NON_LITERAL_NULL_CONVERSION = YES;
				CLANG_WARN_OBJC_IMPLICIT_RETAIN_SELF = YES;
				CLANG_WARN_OBJC_LITERAL_CONVERSION = YES;
				CLANG_WARN_OBJC_ROOT_CLASS = YES_ERROR;
				CLANG_WARN_RANGE_LOOP_ANALYSIS = YES;
				CLANG_WARN_STRICT_PROTOTYPES = YES;
				CLANG_WARN_SUSPICIOUS_MOVE = YES;
				CLANG_WARN_UNGUARDED_AVAILABILITY = YES_AGGRESSIVE;
				CLANG_WARN_UNREACHABLE_CODE = YES;
				CLANG_WARN__DUPLICATE_METHOD_MATCH = YES;
				COPY_PHASE_STRIP = NO;
				CURRENT_PROJECT_VERSION = 1;
				DEBUG_INFORMATION_FORMAT = "dwarf-with-dsym";
				ENABLE_NS_ASSERTIONS = NO;
				ENABLE_STRICT_OBJC_MSGSEND = YES;
				GCC_C_LANGUAGE_STANDARD = gnu11;
				GCC_NO_COMMON_BLOCKS = YES;
				GCC_WARN_64_TO_32_BIT_CONVERSION = YES;
				GCC_WARN_ABOUT_RETURN_TYPE = YES_ERROR;
				GCC_WARN_UNDECLARED_SELECTOR = YES;
				GCC_WARN_UNINITIALIZED_AUTOS = YES_AGGRESSIVE;
				GCC_WARN_UNUSED_FUNCTION = YES;
				GCC_WARN_UNUSED_VARIABLE = YES;
				IPHONEOS_DEPLOYMENT_TARGET = 13.0;
				MTL_ENABLE_DEBUG_INFO = NO;
				MTL_FAST_MATH = YES;
				SDKROOT = iphoneos;
				SWIFT_COMPILATION_MODE = wholemodule;
				SWIFT_OPTIMIZATION_LEVEL = "-O";
				VALIDATE_PRODUCT = YES;
				VERSIONING_SYSTEM = "apple-generic";
				VERSION_INFO_PREFIX = "";
			};
			name = Release;
		};
		AE97771322C2195F003C943B /* Debug */ = {
			isa = XCBuildConfiguration;
			buildSettings = {
				ALWAYS_EMBED_SWIFT_STANDARD_LIBRARIES = YES;
				ASSETCATALOG_COMPILER_APPICON_NAME = AppIcon;
				CODE_SIGN_STYLE = Automatic;
				DEVELOPMENT_TEAM = QPFFKMSR5R;
				ENABLE_PREVIEWS = YES;
				INFOPLIST_FILE = Babylon/Supporting/Info.plist;
				LD_RUNPATH_SEARCH_PATHS = (
					"$(inherited)",
					"@executable_path/Frameworks",
				);
				PRODUCT_BUNDLE_IDENTIFIER = com.mczarnik.BabylonDemo;
				PRODUCT_NAME = "$(TARGET_NAME)";
				SWIFT_VERSION = 5.0;
				TARGETED_DEVICE_FAMILY = "1,2";
			};
			name = Debug;
		};
		AE97771422C2195F003C943B /* Release */ = {
			isa = XCBuildConfiguration;
			buildSettings = {
				ALWAYS_EMBED_SWIFT_STANDARD_LIBRARIES = YES;
				ASSETCATALOG_COMPILER_APPICON_NAME = AppIcon;
				CODE_SIGN_STYLE = Automatic;
				DEVELOPMENT_TEAM = QPFFKMSR5R;
				ENABLE_PREVIEWS = YES;
				INFOPLIST_FILE = Babylon/Supporting/Info.plist;
				LD_RUNPATH_SEARCH_PATHS = (
					"$(inherited)",
					"@executable_path/Frameworks",
				);
				PRODUCT_BUNDLE_IDENTIFIER = com.mczarnik.BabylonDemo;
				PRODUCT_NAME = "$(TARGET_NAME)";
				SWIFT_VERSION = 5.0;
				TARGETED_DEVICE_FAMILY = "1,2";
			};
			name = Release;
		};
/* End XCBuildConfiguration section */

/* Begin XCConfigurationList section */
		AE41ECD422C0DE0F00ADD251 /* Build configuration list for PBXProject "Babylon" */ = {
			isa = XCConfigurationList;
			buildConfigurations = (
				AE41ECE022C0DE0F00ADD251 /* Debug */,
				AE41ECE122C0DE0F00ADD251 /* Release */,
			);
			defaultConfigurationIsVisible = 0;
			defaultConfigurationName = Release;
		};
		AE97771222C2195F003C943B /* Build configuration list for PBXNativeTarget "Babylon" */ = {
			isa = XCConfigurationList;
			buildConfigurations = (
				AE97771322C2195F003C943B /* Debug */,
				AE97771422C2195F003C943B /* Release */,
			);
			defaultConfigurationIsVisible = 0;
			defaultConfigurationName = Release;
		};
/* End XCConfigurationList section */
	};
	rootObject = AE41ECD122C0DE0F00ADD251 /* Project object */;
}
